
Microsoft Visual Studio Solution File, Format Version 12.00
# Visual Studio Version 16
VisualStudioVersion = 25.0.1704.0
MinimumVisualStudioVersion = 10.0.40219.1
Project("{FAE04EC0-301F-11D3-BF4B-00C04F79EFBC}") = "Geometry", "testforwork\Geometry.csproj", "{DC0A70D3-F5D7-4538-8F7D-1AEC368AEFA5}"
EndProject
Project("{FAE04EC0-301F-11D3-BF4B-00C04F79EFBC}") = "Geometry.Tests", "Geometry.Tests\Geometry.Tests.csproj", "{4B66472D-846D-444F-89D4-A8AB58974BAF}"
EndProject
Global
	GlobalSection(SolutionConfigurationPlatforms) = preSolution
		Debug|Any CPU = Debug|Any CPU
		Release|Any CPU = Release|Any CPU
	EndGlobalSection
	GlobalSection(ProjectConfigurationPlatforms) = postSolution
		{DC0A70D3-F5D7-4538-8F7D-1AEC368AEFA5}.Debug|Any CPU.ActiveCfg = Debug|Any CPU
		{DC0A70D3-F5D7-4538-8F7D-1AEC368AEFA5}.Debug|Any CPU.Build.0 = Debug|Any CPU
		{DC0A70D3-F5D7-4538-8F7D-1AEC368AEFA5}.Release|Any CPU.ActiveCfg = Release|Any CPU
		{DC0A70D3-F5D7-4538-8F7D-1AEC368AEFA5}.Release|Any CPU.Build.0 = Release|Any CPU
		{4B66472D-846D-444F-89D4-A8AB58974BAF}.Debug|Any CPU.ActiveCfg = Debug|Any CPU
		{4B66472D-846D-444F-89D4-A8AB58974BAF}.Debug|Any CPU.Build.0 = Debug|Any CPU
		{4B66472D-846D-444F-89D4-A8AB58974BAF}.Release|Any CPU.ActiveCfg = Release|Any CPU
		{4B66472D-846D-444F-89D4-A8AB58974BAF}.Release|Any CPU.Build.0 = Release|Any CPU
	EndGlobalSection
	GlobalSection(SolutionProperties) = preSolution
		HideSolutionNode = FALSE
	EndGlobalSection
	GlobalSection(ExtensibilityGlobals) = postSolution
		SolutionGuid = {689E6678-9D63-45D6-A86B-555DDDBC5E7A}
	EndGlobalSection
EndGlobal
